// !$*UTF8*$!
{
	archiveVersion = 1;
	classes = {
	};
	objectVersion = 46;
	objects = {

/* Begin PBXBuildFile section */
		0DC519AD1E47DE2300166065 /* ChatTableViewController.swift in Sources */ = {isa = PBXBuildFile; fileRef = 0DC519AC1E47DE2300166065 /* ChatTableViewController.swift */; };
		0DF9B2751E47E44D00EDC9E6 /* ChatTable.storyboard in Resources */ = {isa = PBXBuildFile; fileRef = 0DF9B2741E47E44D00EDC9E6 /* ChatTable.storyboard */; };
		52AF27B41E47D2150022475C /* AppDelegate.swift in Sources */ = {isa = PBXBuildFile; fileRef = 52AF27B31E47D2150022475C /* AppDelegate.swift */; };
		52AF27B61E47D2150022475C /* ViewController.swift in Sources */ = {isa = PBXBuildFile; fileRef = 52AF27B51E47D2150022475C /* ViewController.swift */; };
		52AF27B91E47D2150022475C /* Welcome.storyboard in Resources */ = {isa = PBXBuildFile; fileRef = 52AF27B71E47D2150022475C /* Welcome.storyboard */; };
		52AF27BB1E47D2150022475C /* Assets.xcassets in Resources */ = {isa = PBXBuildFile; fileRef = 52AF27BA1E47D2150022475C /* Assets.xcassets */; };
		52AF27BE1E47D2150022475C /* LaunchScreen.storyboard in Resources */ = {isa = PBXBuildFile; fileRef = 52AF27BC1E47D2150022475C /* LaunchScreen.storyboard */; };
		B8A0942C049519C121169290 /* Pods_Parse_Twitter.framework in Frameworks */ = {isa = PBXBuildFile; fileRef = 711D0652DA9F5ADA236F7A47 /* Pods_Parse_Twitter.framework */; };
/* End PBXBuildFile section */

/* Begin PBXFileReference section */
		0DC519AC1E47DE2300166065 /* ChatTableViewController.swift */ = {isa = PBXFileReference; fileEncoding = 4; lastKnownFileType = sourcecode.swift; path = ChatTableViewController.swift; sourceTree = "<group>"; };
		0DF9B2741E47E44D00EDC9E6 /* ChatTable.storyboard */ = {isa = PBXFileReference; fileEncoding = 4; lastKnownFileType = file.storyboard; path = ChatTable.storyboard; sourceTree = "<group>"; };
		52AF27B01E47D2150022475C /* Parse-Twitter.app */ = {isa = PBXFileReference; explicitFileType = wrapper.application; includeInIndex = 0; path = "Parse-Twitter.app"; sourceTree = BUILT_PRODUCTS_DIR; };
		52AF27B31E47D2150022475C /* AppDelegate.swift */ = {isa = PBXFileReference; lastKnownFileType = sourcecode.swift; path = AppDelegate.swift; sourceTree = "<group>"; };
		52AF27B51E47D2150022475C /* ViewController.swift */ = {isa = PBXFileReference; lastKnownFileType = sourcecode.swift; path = ViewController.swift; sourceTree = "<group>"; };
		52AF27B81E47D2150022475C /* Base */ = {isa = PBXFileReference; lastKnownFileType = file.storyboard; name = Base; path = Base.lproj/Welcome.storyboard; sourceTree = "<group>"; };
		52AF27BA1E47D2150022475C /* Assets.xcassets */ = {isa = PBXFileReference; lastKnownFileType = folder.assetcatalog; path = Assets.xcassets; sourceTree = "<group>"; };
		52AF27BD1E47D2150022475C /* Base */ = {isa = PBXFileReference; lastKnownFileType = file.storyboard; name = Base; path = Base.lproj/LaunchScreen.storyboard; sourceTree = "<group>"; };
		52AF27BF1E47D2150022475C /* Info.plist */ = {isa = PBXFileReference; lastKnownFileType = text.plist.xml; path = Info.plist; sourceTree = "<group>"; };
		711D0652DA9F5ADA236F7A47 /* Pods_Parse_Twitter.framework */ = {isa = PBXFileReference; explicitFileType = wrapper.framework; includeInIndex = 0; path = Pods_Parse_Twitter.framework; sourceTree = BUILT_PRODUCTS_DIR; };
		BBA345CC756BAEF27F1B88AA /* Pods-Parse-Twitter.release.xcconfig */ = {isa = PBXFileReference; includeInIndex = 1; lastKnownFileType = text.xcconfig; name = "Pods-Parse-Twitter.release.xcconfig"; path = "Pods/Target Support Files/Pods-Parse-Twitter/Pods-Parse-Twitter.release.xcconfig"; sourceTree = "<group>"; };
		EE13F7D6C680A30A7F31CC23 /* Pods-Parse-Twitter.debug.xcconfig */ = {isa = PBXFileReference; includeInIndex = 1; lastKnownFileType = text.xcconfig; name = "Pods-Parse-Twitter.debug.xcconfig"; path = "Pods/Target Support Files/Pods-Parse-Twitter/Pods-Parse-Twitter.debug.xcconfig"; sourceTree = "<group>"; };
/* End PBXFileReference section */

/* Begin PBXFrameworksBuildPhase section */
		52AF27AD1E47D2140022475C /* Frameworks */ = {
			isa = PBXFrameworksBuildPhase;
			buildActionMask = 2147483647;
			files = (
				B8A0942C049519C121169290 /* Pods_Parse_Twitter.framework in Frameworks */,
			);
			runOnlyForDeploymentPostprocessing = 0;
		};
/* End PBXFrameworksBuildPhase section */

/* Begin PBXGroup section */
		524B817579B704B75485526E /* Frameworks */ = {
			isa = PBXGroup;
			children = (
				711D0652DA9F5ADA236F7A47 /* Pods_Parse_Twitter.framework */,
			);
			name = Frameworks;
			sourceTree = "<group>";
		};
		52AF27A71E47D2140022475C = {
			isa = PBXGroup;
			children = (
				52AF27B21E47D2150022475C /* Parse-Twitter */,
				52AF27B11E47D2150022475C /* Products */,
				E700D1054F127F3154E21AA2 /* Pods */,
				524B817579B704B75485526E /* Frameworks */,
			);
			sourceTree = "<group>";
		};
		52AF27B11E47D2150022475C /* Products */ = {
			isa = PBXGroup;
			children = (
				52AF27B01E47D2150022475C /* Parse-Twitter.app */,
			);
			name = Products;
			sourceTree = "<group>";
		};
		52AF27B21E47D2150022475C /* Parse-Twitter */ = {
			isa = PBXGroup;
			children = (
				52AF27B31E47D2150022475C /* AppDelegate.swift */,
				52AF27B51E47D2150022475C /* ViewController.swift */,
				52AF27B71E47D2150022475C /* Welcome.storyboard */,
				52AF27BA1E47D2150022475C /* Assets.xcassets */,
				52AF27BC1E47D2150022475C /* LaunchScreen.storyboard */,
				52AF27BF1E47D2150022475C /* Info.plist */,
				0DC519AC1E47DE2300166065 /* ChatTableViewController.swift */,
				0DF9B2741E47E44D00EDC9E6 /* ChatTable.storyboard */,
			);
			path = "Parse-Twitter";
			sourceTree = "<group>";
		};
		E700D1054F127F3154E21AA2 /* Pods */ = {
			isa = PBXGroup;
			children = (
				EE13F7D6C680A30A7F31CC23 /* Pods-Parse-Twitter.debug.xcconfig */,
				BBA345CC756BAEF27F1B88AA /* Pods-Parse-Twitter.release.xcconfig */,
			);
			name = Pods;
			sourceTree = "<group>";
		};
/* End PBXGroup section */

/* Begin PBXNativeTarget section */
		52AF27AF1E47D2140022475C /* Parse-Twitter */ = {
			isa = PBXNativeTarget;
			buildConfigurationList = 52AF27C21E47D2150022475C /* Build configuration list for PBXNativeTarget "Parse-Twitter" */;
			buildPhases = (
				056DA50A232B7356474BF8BE /* [CP] Check Pods Manifest.lock */,
				52AF27AC1E47D2140022475C /* Sources */,
				52AF27AD1E47D2140022475C /* Frameworks */,
				52AF27AE1E47D2140022475C /* Resources */,
				9F1840FA89B11F737D782FE1 /* [CP] Embed Pods Frameworks */,
				E134DDD26FA08798492833BE /* [CP] Copy Pods Resources */,
			);
			buildRules = (
			);
			dependencies = (
			);
			name = "Parse-Twitter";
			productName = "Parse-Twitter";
			productReference = 52AF27B01E47D2150022475C /* Parse-Twitter.app */;
			productType = "com.apple.product-type.application";
		};
/* End PBXNativeTarget section */

/* Begin PBXProject section */
		52AF27A81E47D2140022475C /* Project object */ = {
			isa = PBXProject;
			attributes = {
				LastSwiftUpdateCheck = 0820;
				LastUpgradeCheck = 0820;
				ORGANIZATIONNAME = "Santa Clara iOS Connect";
				TargetAttributes = {
					52AF27AF1E47D2140022475C = {
						CreatedOnToolsVersion = 8.2.1;
						DevelopmentTeam = VY4FR2X9W5;
						ProvisioningStyle = Automatic;
					};
				};
			};
			buildConfigurationList = 52AF27AB1E47D2140022475C /* Build configuration list for PBXProject "Parse-Twitter" */;
			compatibilityVersion = "Xcode 3.2";
			developmentRegion = English;
			hasScannedForEncodings = 0;
			knownRegions = (
				en,
				Base,
			);
			mainGroup = 52AF27A71E47D2140022475C;
			productRefGroup = 52AF27B11E47D2150022475C /* Products */;
			projectDirPath = "";
			projectRoot = "";
			targets = (
				52AF27AF1E47D2140022475C /* Parse-Twitter */,
			);
		};
/* End PBXProject section */

/* Begin PBXResourcesBuildPhase section */
		52AF27AE1E47D2140022475C /* Resources */ = {
			isa = PBXResourcesBuildPhase;
			buildActionMask = 2147483647;
			files = (
				52AF27BE1E47D2150022475C /* LaunchScreen.storyboard in Resources */,
				52AF27BB1E47D2150022475C /* Assets.xcassets in Resources */,
				0DF9B2751E47E44D00EDC9E6 /* ChatTable.storyboard in Resources */,
				52AF27B91E47D2150022475C /* Welcome.storyboard in Resources */,
			);
			runOnlyForDeploymentPostprocessing = 0;
		};
/* End PBXResourcesBuildPhase section */

/* Begin PBXShellScriptBuildPhase section */
		056DA50A232B7356474BF8BE /* [CP] Check Pods Manifest.lock */ = {
			isa = PBXShellScriptBuildPhase;
			buildActionMask = 2147483647;
			files = (
			);
			inputPaths = (
			);
			name = "[CP] Check Pods Manifest.lock";
			outputPaths = (
			);
			runOnlyForDeploymentPostprocessing = 0;
			shellPath = /bin/sh;
			shellScript = "diff \"${PODS_ROOT}/../Podfile.lock\" \"${PODS_ROOT}/Manifest.lock\" > /dev/null\nif [ $? != 0 ] ; then\n    # print error to STDERR\n    echo \"error: The sandbox is not in sync with the Podfile.lock. Run 'pod install' or update your CocoaPods installation.\" >&2\n    exit 1\nfi\n";
			showEnvVarsInLog = 0;
		};
		9F1840FA89B11F737D782FE1 /* [CP] Embed Pods Frameworks */ = {
			isa = PBXShellScriptBuildPhase;
			buildActionMask = 2147483647;
			files = (
			);
			inputPaths = (
			);
			name = "[CP] Embed Pods Frameworks";
			outputPaths = (
			);
			runOnlyForDeploymentPostprocessing = 0;
			shellPath = /bin/sh;
			shellScript = "\"${SRCROOT}/Pods/Target Support Files/Pods-Parse-Twitter/Pods-Parse-Twitter-frameworks.sh\"\n";
			showEnvVarsInLog = 0;
		};
		E134DDD26FA08798492833BE /* [CP] Copy Pods Resources */ = {
			isa = PBXShellScriptBuildPhase;
			buildActionMask = 2147483647;
			files = (
			);
			inputPaths = (
			);
			name = "[CP] Copy Pods Resources";
			outputPaths = (
			);
			runOnlyForDeploymentPostprocessing = 0;
			shellPath = /bin/sh;
			shellScript = "\"${SRCROOT}/Pods/Target Support Files/Pods-Parse-Twitter/Pods-Parse-Twitter-resources.sh\"\n";
			showEnvVarsInLog = 0;
		};
/* End PBXShellScriptBuildPhase section */

/* Begin PBXSourcesBuildPhase section */
		52AF27AC1E47D2140022475C /* Sources */ = {
			isa = PBXSourcesBuildPhase;
			buildActionMask = 2147483647;
			files = (
				52AF27B61E47D2150022475C /* ViewController.swift in Sources */,
				52AF27B41E47D2150022475C /* AppDelegate.swift in Sources */,
				0DC519AD1E47DE2300166065 /* ChatTableViewController.swift in Sources */,
			);
			runOnlyForDeploymentPostprocessing = 0;
		};
/* End PBXSourcesBuildPhase section */

/* Begin PBXVariantGroup section */
		52AF27B71E47D2150022475C /* Welcome.storyboard */ = {
			isa = PBXVariantGroup;
			children = (
				52AF27B81E47D2150022475C /* Base */,
			);
			name = Welcome.storyboard;
			sourceTree = "<group>";
		};
		52AF27BC1E47D2150022475C /* LaunchScreen.storyboard */ = {
			isa = PBXVariantGroup;
			children = (
				52AF27BD1E47D2150022475C /* Base */,
			);
			name = LaunchScreen.storyboard;
			sourceTree = "<group>";
		};
/* End PBXVariantGroup section */

/* Begin XCBuildConfiguration section */
		52AF27C01E47D2150022475C /* Debug */ = {
			isa = XCBuildConfiguration;
			buildSettings = {
				ALWAYS_SEARCH_USER_PATHS = NO;
				CLANG_ANALYZER_NONNULL = YES;
				CLANG_CXX_LANGUAGE_STANDARD = "gnu++0x";
				CLANG_CXX_LIBRARY = "libc++";
				CLANG_ENABLE_MODULES = YES;
				CLANG_ENABLE_OBJC_ARC = YES;
				CLANG_WARN_BOOL_CONVERSION = YES;
				CLANG_WARN_CONSTANT_CONVERSION = YES;
				CLANG_WARN_DIRECT_OBJC_ISA_USAGE = YES_ERROR;
				CLANG_WARN_DOCUMENTATION_COMMENTS = YES;
				CLANG_WARN_EMPTY_BODY = YES;
				CLANG_WARN_ENUM_CONVERSION = YES;
				CLANG_WARN_INFINITE_RECURSION = YES;
				CLANG_WARN_INT_CONVERSION = YES;
				CLANG_WARN_OBJC_ROOT_CLASS = YES_ERROR;
				CLANG_WARN_SUSPICIOUS_MOVE = YES;
				CLANG_WARN_UNREACHABLE_CODE = YES;
				CLANG_WARN__DUPLICATE_METHOD_MATCH = YES;
				"CODE_SIGN_IDENTITY[sdk=iphoneos*]" = "iPhone Developer";
				COPY_PHASE_STRIP = NO;
				DEBUG_INFORMATION_FORMAT = dwarf;
				ENABLE_STRICT_OBJC_MSGSEND = YES;
				ENABLE_TESTABILITY = YES;
				GCC_C_LANGUAGE_STANDARD = gnu99;
				GCC_DYNAMIC_NO_PIC = NO;
				GCC_NO_COMMON_BLOCKS = YES;
				GCC_OPTIMIZATION_LEVEL = 0;
				GCC_PREPROCESSOR_DEFINITIONS = (
					"DEBUG=1",
					"$(inherited)",
				);
				GCC_WARN_64_TO_32_BIT_CONVERSION = YES;
				GCC_WARN_ABOUT_RETURN_TYPE = YES_ERROR;
				GCC_WARN_UNDECLARED_SELECTOR = YES;
				GCC_WARN_UNINITIALIZED_AUTOS = YES_AGGRESSIVE;
				GCC_WARN_UNUSED_FUNCTION = YES;
				GCC_WARN_UNUSED_VARIABLE = YES;
				IPHONEOS_DEPLOYMENT_TARGET = 10.2;
				MTL_ENABLE_DEBUG_INFO = YES;
				ONLY_ACTIVE_ARCH = YES;
				SDKROOT = iphoneos;
				SWIFT_ACTIVE_COMPILATION_CONDITIONS = DEBUG;
				SWIFT_OPTIMIZATION_LEVEL = "-Onone";
				TARGETED_DEVICE_FAMILY = "1,2";
			};
			name = Debug;
		};
		52AF27C11E47D2150022475C /* Release */ = {
			isa = XCBuildConfiguration;
			buildSettings = {
				ALWAYS_SEARCH_USER_PATHS = NO;
				CLANG_ANALYZER_NONNULL = YES;
				CLANG_CXX_LANGUAGE_STANDARD = "gnu++0x";
				CLANG_CXX_LIBRARY = "libc++";
				CLANG_ENABLE_MODULES = YES;
				CLANG_ENABLE_OBJC_ARC = YES;
				CLANG_WARN_BOOL_CONVERSION = YES;
				CLANG_WARN_CONSTANT_CONVERSION = YES;
				CLANG_WARN_DIRECT_OBJC_ISA_USAGE = YES_ERROR;
				CLANG_WARN_DOCUMENTATION_COMMENTS = YES;
				CLANG_WARN_EMPTY_BODY = YES;
				CLANG_WARN_ENUM_CONVERSION = YES;
				CLANG_WARN_INFINITE_RECURSION = YES;
				CLANG_WARN_INT_CONVERSION = YES;
				CLANG_WARN_OBJC_ROOT_CLASS = YES_ERROR;
				CLANG_WARN_SUSPICIOUS_MOVE = YES;
				CLANG_WARN_UNREACHABLE_CODE = YES;
				CLANG_WARN__DUPLICATE_METHOD_MATCH = YES;
				"CODE_SIGN_IDENTITY[sdk=iphoneos*]" = "iPhone Developer";
				COPY_PHASE_STRIP = NO;
				DEBUG_INFORMATION_FORMAT = "dwarf-with-dsym";
				ENABLE_NS_ASSERTIONS = NO;
				ENABLE_STRICT_OBJC_MSGSEND = YES;
				GCC_C_LANGUAGE_STANDARD = gnu99;
				GCC_NO_COMMON_BLOCKS = YES;
				GCC_WARN_64_TO_32_BIT_CONVERSION = YES;
				GCC_WARN_ABOUT_RETURN_TYPE = YES_ERROR;
				GCC_WARN_UNDECLARED_SELECTOR = YES;
				GCC_WARN_UNINITIALIZED_AUTOS = YES_AGGRESSIVE;
				GCC_WARN_UNUSED_FUNCTION = YES;
				GCC_WARN_UNUSED_VARIABLE = YES;
				IPHONEOS_DEPLOYMENT_TARGET = 10.2;
				MTL_ENABLE_DEBUG_INFO = NO;
				SDKROOT = iphoneos;
				SWIFT_OPTIMIZATION_LEVEL = "-Owholemodule";
				TARGETED_DEVICE_FAMILY = "1,2";
				VALIDATE_PRODUCT = YES;
			};
			name = Release;
		};
		52AF27C31E47D2150022475C /* Debug */ = {
			isa = XCBuildConfiguration;
			baseConfigurationReference = EE13F7D6C680A30A7F31CC23 /* Pods-Parse-Twitter.debug.xcconfig */;
			buildSettings = {
				ASSETCATALOG_COMPILER_APPICON_NAME = AppIcon;
				DEVELOPMENT_TEAM = VY4FR2X9W5;
				INFOPLIST_FILE = "Parse-Twitter/Info.plist";
				LD_RUNPATH_SEARCH_PATHS = "$(inherited) @executable_path/Frameworks";
				PRODUCT_BUNDLE_IDENTIFIER = "com.ios-connect.Parse-Twitter";
				PRODUCT_NAME = "$(TARGET_NAME)";
				SWIFT_VERSION = 3.0;
			};
			name = Debug;
		};
		52AF27C41E47D2150022475C /* Release */ = {
			isa = XCBuildConfiguration;
			baseConfigurationReference = BBA345CC756BAEF27F1B88AA /* Pods-Parse-Twitter.release.xcconfig */;
			buildSettings = {
				ASSETCATALOG_COMPILER_APPICON_NAME = AppIcon;
				DEVELOPMENT_TEAM = VY4FR2X9W5;
				INFOPLIST_FILE = "Parse-Twitter/Info.plist";
				LD_RUNPATH_SEARCH_PATHS = "$(inherited) @executable_path/Frameworks";
				PRODUCT_BUNDLE_IDENTIFIER = "com.ios-connect.Parse-Twitter";
				PRODUCT_NAME = "$(TARGET_NAME)";
				SWIFT_VERSION = 3.0;
			};
			name = Release;
		};
/* End XCBuildConfiguration section */

/* Begin XCConfigurationList section */
		52AF27AB1E47D2140022475C /* Build configuration list for PBXProject "Parse-Twitter" */ = {
			isa = XCConfigurationList;
			buildConfigurations = (
				52AF27C01E47D2150022475C /* Debug */,
				52AF27C11E47D2150022475C /* Release */,
			);
			defaultConfigurationIsVisible = 0;
			defaultConfigurationName = Release;
		};
		52AF27C21E47D2150022475C /* Build configuration list for PBXNativeTarget "Parse-Twitter" */ = {
			isa = XCConfigurationList;
			buildConfigurations = (
				52AF27C31E47D2150022475C /* Debug */,
				52AF27C41E47D2150022475C /* Release */,
			);
			defaultConfigurationIsVisible = 0;
			defaultConfigurationName = Release;
		};
/* End XCConfigurationList section */
	};
	rootObject = 52AF27A81E47D2140022475C /* Project object */;
}
